{
  "name": "@jen-castiron/date-renderer",
  "version": "1.0.0",
  "lockfileVersion": 1,
  "requires": true,
  "dependencies": {
    "@jen-castiron/date-logic": {
      "version": "1.0.0",
      "resolved": "https://npm.pkg.github.com/download/@jen-castiron/date-logic/1.0.0/14dfdf03d51a6f18526f6e22fec20a29118ab2c9",
      "integrity": "sha512-rPifWtDcKpB14CF7d2t9UtvpUqzKALutArP6ydjoP/eR1mMWrSGvwwq7feh5gSvsb4qfZB8o4glwVGmkiybWSw=="
    }
  }
}
