{
  "name": "@jen-castiron/date-renderer",
  "version": "1.2.0",
  "lockfileVersion": 1,
  "requires": true,
  "dependencies": {
    "@jen-castiron/date-logic": {
      "version": "2.0.1",
      "resolved": "https://npm.pkg.github.com/download/@jen-castiron/date-logic/2.0.1/98a2ce2758e388739608efead44403d69ce34469",
      "integrity": "sha512-D5p/Qin3K14yngUhU2U/xy2AmWS1hULexgeTcXVb6lmOQC/zssa1SAyIy/WYytzLRmZRjG3FnpJSTYI3CPkJuw=="
    }
  }
}
